// !$*UTF8*$!
{
	archiveVersion = 1;
	classes = {
	};
	objectVersion = 51;
	objects = {

/* Begin PBXBuildFile section */
		0BFC627938896C9559931141 /* Pods_BlackStarWear.framework in Frameworks */ = {isa = PBXBuildFile; fileRef = FCB94964F701E4ED8A9DBCE5 /* Pods_BlackStarWear.framework */; };
		31188E1E23FD66B90038661C /* SingleProductViewController.swift in Sources */ = {isa = PBXBuildFile; fileRef = 31188E1D23FD66B90038661C /* SingleProductViewController.swift */; };
		31296F3B23F4336F00A2DD9F /* AppDelegate.swift in Sources */ = {isa = PBXBuildFile; fileRef = 31296F3A23F4336F00A2DD9F /* AppDelegate.swift */; };
		31296F3D23F4336F00A2DD9F /* SceneDelegate.swift in Sources */ = {isa = PBXBuildFile; fileRef = 31296F3C23F4336F00A2DD9F /* SceneDelegate.swift */; };
		31296F4223F4336F00A2DD9F /* Main.storyboard in Resources */ = {isa = PBXBuildFile; fileRef = 31296F4023F4336F00A2DD9F /* Main.storyboard */; };
		31296F4423F4337100A2DD9F /* Assets.xcassets in Resources */ = {isa = PBXBuildFile; fileRef = 31296F4323F4337100A2DD9F /* Assets.xcassets */; };
		31296F4723F4337100A2DD9F /* LaunchScreen.storyboard in Resources */ = {isa = PBXBuildFile; fileRef = 31296F4523F4337100A2DD9F /* LaunchScreen.storyboard */; };
		31296F4F23F69BA200A2DD9F /* Podfile in Resources */ = {isa = PBXBuildFile; fileRef = 31296F4E23F69BA200A2DD9F /* Podfile */; };
		31296F5223F69F0B00A2DD9F /* CategoriesViewController.swift in Sources */ = {isa = PBXBuildFile; fileRef = 31296F5123F69F0B00A2DD9F /* CategoriesViewController.swift */; };
		31296F5623F6A01A00A2DD9F /* CategoriesTableViewCell.swift in Sources */ = {isa = PBXBuildFile; fileRef = 31296F5523F6A01A00A2DD9F /* CategoriesTableViewCell.swift */; };
		31296F5823F6A2FE00A2DD9F /* Loader.swift in Sources */ = {isa = PBXBuildFile; fileRef = 31296F5723F6A2FE00A2DD9F /* Loader.swift */; };
		31296F5A23F6A3A000A2DD9F /* Category.swift in Sources */ = {isa = PBXBuildFile; fileRef = 31296F5923F6A3A000A2DD9F /* Category.swift */; };
		31C65A7523FC19FA00913A84 /* CatalogCollectionViewController.swift in Sources */ = {isa = PBXBuildFile; fileRef = 31C65A7423FC19FA00913A84 /* CatalogCollectionViewController.swift */; };
		31C65A7923FC1BD000913A84 /* Product.swift in Sources */ = {isa = PBXBuildFile; fileRef = 31C65A7823FC1BD000913A84 /* Product.swift */; };
		31C65A7B23FC328200913A84 /* ProductsCollectionViewCell.swift in Sources */ = {isa = PBXBuildFile; fileRef = 31C65A7A23FC328200913A84 /* ProductsCollectionViewCell.swift */; };
		31E3D3C123FAEDA000CBEC38 /* SubcategoriesViewController.swift in Sources */ = {isa = PBXBuildFile; fileRef = 31E3D3C023FAEDA000CBEC38 /* SubcategoriesViewController.swift */; };
/* End PBXBuildFile section */

/* Begin PBXFileReference section */
		0D70A2B7FD6247550E894811 /* Pods-BlackStarWear.debug.xcconfig */ = {isa = PBXFileReference; includeInIndex = 1; lastKnownFileType = text.xcconfig; name = "Pods-BlackStarWear.debug.xcconfig"; path = "Target Support Files/Pods-BlackStarWear/Pods-BlackStarWear.debug.xcconfig"; sourceTree = "<group>"; };
		31188E1D23FD66B90038661C /* SingleProductViewController.swift */ = {isa = PBXFileReference; lastKnownFileType = sourcecode.swift; path = SingleProductViewController.swift; sourceTree = "<group>"; };
		31296F3723F4336F00A2DD9F /* BlackStarWear.app */ = {isa = PBXFileReference; explicitFileType = wrapper.application; includeInIndex = 0; path = BlackStarWear.app; sourceTree = BUILT_PRODUCTS_DIR; };
		31296F3A23F4336F00A2DD9F /* AppDelegate.swift */ = {isa = PBXFileReference; lastKnownFileType = sourcecode.swift; path = AppDelegate.swift; sourceTree = "<group>"; };
		31296F3C23F4336F00A2DD9F /* SceneDelegate.swift */ = {isa = PBXFileReference; lastKnownFileType = sourcecode.swift; path = SceneDelegate.swift; sourceTree = "<group>"; };
		31296F4123F4336F00A2DD9F /* Base */ = {isa = PBXFileReference; lastKnownFileType = file.storyboard; name = Base; path = Base.lproj/Main.storyboard; sourceTree = "<group>"; };
		31296F4323F4337100A2DD9F /* Assets.xcassets */ = {isa = PBXFileReference; lastKnownFileType = folder.assetcatalog; path = Assets.xcassets; sourceTree = "<group>"; };
		31296F4623F4337100A2DD9F /* Base */ = {isa = PBXFileReference; lastKnownFileType = file.storyboard; name = Base; path = Base.lproj/LaunchScreen.storyboard; sourceTree = "<group>"; };
		31296F4823F4337100A2DD9F /* Info.plist */ = {isa = PBXFileReference; lastKnownFileType = text.plist.xml; path = Info.plist; sourceTree = "<group>"; };
		31296F4E23F69BA200A2DD9F /* Podfile */ = {isa = PBXFileReference; lastKnownFileType = text; path = Podfile; sourceTree = "<group>"; };
		31296F5123F69F0B00A2DD9F /* CategoriesViewController.swift */ = {isa = PBXFileReference; lastKnownFileType = sourcecode.swift; path = CategoriesViewController.swift; sourceTree = "<group>"; };
		31296F5523F6A01A00A2DD9F /* CategoriesTableViewCell.swift */ = {isa = PBXFileReference; lastKnownFileType = sourcecode.swift; path = CategoriesTableViewCell.swift; sourceTree = "<group>"; };
		31296F5723F6A2FE00A2DD9F /* Loader.swift */ = {isa = PBXFileReference; lastKnownFileType = sourcecode.swift; path = Loader.swift; sourceTree = "<group>"; };
		31296F5923F6A3A000A2DD9F /* Category.swift */ = {isa = PBXFileReference; lastKnownFileType = sourcecode.swift; path = Category.swift; sourceTree = "<group>"; };
		31C65A7423FC19FA00913A84 /* CatalogCollectionViewController.swift */ = {isa = PBXFileReference; lastKnownFileType = sourcecode.swift; path = CatalogCollectionViewController.swift; sourceTree = "<group>"; };
		31C65A7823FC1BD000913A84 /* Product.swift */ = {isa = PBXFileReference; lastKnownFileType = sourcecode.swift; path = Product.swift; sourceTree = "<group>"; };
		31C65A7A23FC328200913A84 /* ProductsCollectionViewCell.swift */ = {isa = PBXFileReference; lastKnownFileType = sourcecode.swift; path = ProductsCollectionViewCell.swift; sourceTree = "<group>"; };
		31E3D3C023FAEDA000CBEC38 /* SubcategoriesViewController.swift */ = {isa = PBXFileReference; lastKnownFileType = sourcecode.swift; path = SubcategoriesViewController.swift; sourceTree = "<group>"; };
		647796C4D1AEF73D4A45A6A3 /* Pods-BlackStarWear.release.xcconfig */ = {isa = PBXFileReference; includeInIndex = 1; lastKnownFileType = text.xcconfig; name = "Pods-BlackStarWear.release.xcconfig"; path = "Target Support Files/Pods-BlackStarWear/Pods-BlackStarWear.release.xcconfig"; sourceTree = "<group>"; };
		FCB94964F701E4ED8A9DBCE5 /* Pods_BlackStarWear.framework */ = {isa = PBXFileReference; explicitFileType = wrapper.framework; includeInIndex = 0; path = Pods_BlackStarWear.framework; sourceTree = BUILT_PRODUCTS_DIR; };
/* End PBXFileReference section */

/* Begin PBXFrameworksBuildPhase section */
		31296F3423F4336F00A2DD9F /* Frameworks */ = {
			isa = PBXFrameworksBuildPhase;
			buildActionMask = 2147483647;
			files = (
				0BFC627938896C9559931141 /* Pods_BlackStarWear.framework in Frameworks */,
			);
			runOnlyForDeploymentPostprocessing = 0;
		};
/* End PBXFrameworksBuildPhase section */

/* Begin PBXGroup section */
		2AE4C5B22BF65977161BA103 /* Frameworks */ = {
			isa = PBXGroup;
			children = (
				FCB94964F701E4ED8A9DBCE5 /* Pods_BlackStarWear.framework */,
			);
			name = Frameworks;
			sourceTree = "<group>";
		};
		31296F2E23F4336F00A2DD9F = {
			isa = PBXGroup;
			children = (
				31296F4E23F69BA200A2DD9F /* Podfile */,
				31296F3923F4336F00A2DD9F /* BlackStarWear */,
				31296F3823F4336F00A2DD9F /* Products */,
				64C5B292633E6BDBBA2A0E97 /* Pods */,
				2AE4C5B22BF65977161BA103 /* Frameworks */,
			);
			sourceTree = "<group>";
		};
		31296F3823F4336F00A2DD9F /* Products */ = {
			isa = PBXGroup;
			children = (
				31296F3723F4336F00A2DD9F /* BlackStarWear.app */,
			);
			name = Products;
			sourceTree = "<group>";
		};
		31296F3923F4336F00A2DD9F /* BlackStarWear */ = {
			isa = PBXGroup;
			children = (
				31296F3A23F4336F00A2DD9F /* AppDelegate.swift */,
				31188E1D23FD66B90038661C /* SingleProductViewController.swift */,
				31296F3C23F4336F00A2DD9F /* SceneDelegate.swift */,
				31296F5723F6A2FE00A2DD9F /* Loader.swift */,
				31C65A7323FC19C300913A84 /* Catalog */,
				31296F5023F69ECE00A2DD9F /* СategoriesAndSubcategories */,
				31296F4023F4336F00A2DD9F /* Main.storyboard */,
				31296F4323F4337100A2DD9F /* Assets.xcassets */,
				31296F4523F4337100A2DD9F /* LaunchScreen.storyboard */,
				31296F4823F4337100A2DD9F /* Info.plist */,
			);
			path = BlackStarWear;
			sourceTree = "<group>";
		};
		31296F5023F69ECE00A2DD9F /* СategoriesAndSubcategories */ = {
			isa = PBXGroup;
			children = (
				31E3D3C023FAEDA000CBEC38 /* SubcategoriesViewController.swift */,
				31296F5123F69F0B00A2DD9F /* CategoriesViewController.swift */,
				31296F5923F6A3A000A2DD9F /* Category.swift */,
				31296F5523F6A01A00A2DD9F /* CategoriesTableViewCell.swift */,
			);
			path = "СategoriesAndSubcategories";
			sourceTree = "<group>";
		};
		31C65A7323FC19C300913A84 /* Catalog */ = {
			isa = PBXGroup;
			children = (
				31C65A7423FC19FA00913A84 /* CatalogCollectionViewController.swift */,
				31C65A7823FC1BD000913A84 /* Product.swift */,
				31C65A7A23FC328200913A84 /* ProductsCollectionViewCell.swift */,
			);
			path = Catalog;
			sourceTree = "<group>";
		};
		64C5B292633E6BDBBA2A0E97 /* Pods */ = {
			isa = PBXGroup;
			children = (
				0D70A2B7FD6247550E894811 /* Pods-BlackStarWear.debug.xcconfig */,
				647796C4D1AEF73D4A45A6A3 /* Pods-BlackStarWear.release.xcconfig */,
			);
			path = Pods;
			sourceTree = "<group>";
		};
/* End PBXGroup section */

/* Begin PBXNativeTarget section */
		31296F3623F4336F00A2DD9F /* BlackStarWear */ = {
			isa = PBXNativeTarget;
			buildConfigurationList = 31296F4B23F4337100A2DD9F /* Build configuration list for PBXNativeTarget "BlackStarWear" */;
			buildPhases = (
				B8F001992D8AC14E3489D326 /* [CP] Check Pods Manifest.lock */,
				31296F3323F4336F00A2DD9F /* Sources */,
				31296F3423F4336F00A2DD9F /* Frameworks */,
				31296F3523F4336F00A2DD9F /* Resources */,
				80CA33467003C5B19C8931BB /* [CP] Embed Pods Frameworks */,
			);
			buildRules = (
			);
			dependencies = (
			);
			name = BlackStarWear;
			productName = BlackStarWear;
			productReference = 31296F3723F4336F00A2DD9F /* BlackStarWear.app */;
			productType = "com.apple.product-type.application";
		};
/* End PBXNativeTarget section */

/* Begin PBXProject section */
		31296F2F23F4336F00A2DD9F /* Project object */ = {
			isa = PBXProject;
			attributes = {
				LastSwiftUpdateCheck = 1130;
				LastUpgradeCheck = 1130;
				ORGANIZATIONNAME = "Владислав Климов";
				TargetAttributes = {
					31296F3623F4336F00A2DD9F = {
						CreatedOnToolsVersion = 11.3.1;
					};
				};
			};
			buildConfigurationList = 31296F3223F4336F00A2DD9F /* Build configuration list for PBXProject "BlackStarWear" */;
			compatibilityVersion = "Xcode 9.3";
			developmentRegion = en;
			hasScannedForEncodings = 0;
			knownRegions = (
				en,
				Base,
			);
			mainGroup = 31296F2E23F4336F00A2DD9F;
			productRefGroup = 31296F3823F4336F00A2DD9F /* Products */;
			projectDirPath = "";
			projectRoot = "";
			targets = (
				31296F3623F4336F00A2DD9F /* BlackStarWear */,
			);
		};
/* End PBXProject section */

/* Begin PBXResourcesBuildPhase section */
		31296F3523F4336F00A2DD9F /* Resources */ = {
			isa = PBXResourcesBuildPhase;
			buildActionMask = 2147483647;
			files = (
				31296F4723F4337100A2DD9F /* LaunchScreen.storyboard in Resources */,
				31296F4423F4337100A2DD9F /* Assets.xcassets in Resources */,
				31296F4F23F69BA200A2DD9F /* Podfile in Resources */,
				31296F4223F4336F00A2DD9F /* Main.storyboard in Resources */,
			);
			runOnlyForDeploymentPostprocessing = 0;
		};
/* End PBXResourcesBuildPhase section */

/* Begin PBXShellScriptBuildPhase section */
		80CA33467003C5B19C8931BB /* [CP] Embed Pods Frameworks */ = {
			isa = PBXShellScriptBuildPhase;
			buildActionMask = 2147483647;
			files = (
			);
			inputFileListPaths = (
				"${PODS_ROOT}/Target Support Files/Pods-BlackStarWear/Pods-BlackStarWear-frameworks-${CONFIGURATION}-input-files.xcfilelist",
			);
			name = "[CP] Embed Pods Frameworks";
			outputFileListPaths = (
				"${PODS_ROOT}/Target Support Files/Pods-BlackStarWear/Pods-BlackStarWear-frameworks-${CONFIGURATION}-output-files.xcfilelist",
			);
			runOnlyForDeploymentPostprocessing = 0;
			shellPath = /bin/sh;
			shellScript = "\"${PODS_ROOT}/Target Support Files/Pods-BlackStarWear/Pods-BlackStarWear-frameworks.sh\"\n";
			showEnvVarsInLog = 0;
		};
		B8F001992D8AC14E3489D326 /* [CP] Check Pods Manifest.lock */ = {
			isa = PBXShellScriptBuildPhase;
			buildActionMask = 2147483647;
			files = (
			);
			inputFileListPaths = (
			);
			inputPaths = (
				"${PODS_PODFILE_DIR_PATH}/Podfile.lock",
				"${PODS_ROOT}/Manifest.lock",
			);
			name = "[CP] Check Pods Manifest.lock";
			outputFileListPaths = (
			);
			outputPaths = (
				"$(DERIVED_FILE_DIR)/Pods-BlackStarWear-checkManifestLockResult.txt",
			);
			runOnlyForDeploymentPostprocessing = 0;
			shellPath = /bin/sh;
			shellScript = "diff \"${PODS_PODFILE_DIR_PATH}/Podfile.lock\" \"${PODS_ROOT}/Manifest.lock\" > /dev/null\nif [ $? != 0 ] ; then\n    # print error to STDERR\n    echo \"error: The sandbox is not in sync with the Podfile.lock. Run 'pod install' or update your CocoaPods installation.\" >&2\n    exit 1\nfi\n# This output is used by Xcode 'outputs' to avoid re-running this script phase.\necho \"SUCCESS\" > \"${SCRIPT_OUTPUT_FILE_0}\"\n";
			showEnvVarsInLog = 0;
		};
/* End PBXShellScriptBuildPhase section */

/* Begin PBXSourcesBuildPhase section */
		31296F3323F4336F00A2DD9F /* Sources */ = {
			isa = PBXSourcesBuildPhase;
			buildActionMask = 2147483647;
			files = (
				31C65A7B23FC328200913A84 /* ProductsCollectionViewCell.swift in Sources */,
				31296F3B23F4336F00A2DD9F /* AppDelegate.swift in Sources */,
				31188E1E23FD66B90038661C /* SingleProductViewController.swift in Sources */,
				31E3D3C123FAEDA000CBEC38 /* SubcategoriesViewController.swift in Sources */,
				31296F3D23F4336F00A2DD9F /* SceneDelegate.swift in Sources */,
				31296F5823F6A2FE00A2DD9F /* Loader.swift in Sources */,
				31296F5223F69F0B00A2DD9F /* CategoriesViewController.swift in Sources */,
				31C65A7923FC1BD000913A84 /* Product.swift in Sources */,
				31296F5623F6A01A00A2DD9F /* CategoriesTableViewCell.swift in Sources */,
				31C65A7523FC19FA00913A84 /* CatalogCollectionViewController.swift in Sources */,
				31296F5A23F6A3A000A2DD9F /* Category.swift in Sources */,
			);
			runOnlyForDeploymentPostprocessing = 0;
		};
/* End PBXSourcesBuildPhase section */

/* Begin PBXVariantGroup section */
		31296F4023F4336F00A2DD9F /* Main.storyboard */ = {
			isa = PBXVariantGroup;
			children = (
				31296F4123F4336F00A2DD9F /* Base */,
			);
			name = Main.storyboard;
			sourceTree = "<group>";
		};
		31296F4523F4337100A2DD9F /* LaunchScreen.storyboard */ = {
			isa = PBXVariantGroup;
			children = (
				31296F4623F4337100A2DD9F /* Base */,
			);
			name = LaunchScreen.storyboard;
			sourceTree = "<group>";
		};
/* End PBXVariantGroup section */

/* Begin XCBuildConfiguration section */
		31296F4923F4337100A2DD9F /* Debug */ = {
			isa = XCBuildConfiguration;
			buildSettings = {
				ALWAYS_SEARCH_USER_PATHS = NO;
				CLANG_ANALYZER_NONNULL = YES;
				CLANG_ANALYZER_NUMBER_OBJECT_CONVERSION = YES_AGGRESSIVE;
				CLANG_CXX_LANGUAGE_STANDARD = "gnu++14";
				CLANG_CXX_LIBRARY = "libc++";
				CLANG_ENABLE_MODULES = YES;
				CLANG_ENABLE_OBJC_ARC = YES;
				CLANG_ENABLE_OBJC_WEAK = YES;
				CLANG_WARN_BLOCK_CAPTURE_AUTORELEASING = YES;
				CLANG_WARN_BOOL_CONVERSION = YES;
				CLANG_WARN_COMMA = YES;
				CLANG_WARN_CONSTANT_CONVERSION = YES;
				CLANG_WARN_DEPRECATED_OBJC_IMPLEMENTATIONS = YES;
				CLANG_WARN_DIRECT_OBJC_ISA_USAGE = YES_ERROR;
				CLANG_WARN_DOCUMENTATION_COMMENTS = YES;
				CLANG_WARN_EMPTY_BODY = YES;
				CLANG_WARN_ENUM_CONVERSION = YES;
				CLANG_WARN_INFINITE_RECURSION = YES;
				CLANG_WARN_INT_CONVERSION = YES;
				CLANG_WARN_NON_LITERAL_NULL_CONVERSION = YES;
				CLANG_WARN_OBJC_IMPLICIT_RETAIN_SELF = YES;
				CLANG_WARN_OBJC_LITERAL_CONVERSION = YES;
				CLANG_WARN_OBJC_ROOT_CLASS = YES_ERROR;
				CLANG_WARN_RANGE_LOOP_ANALYSIS = YES;
				CLANG_WARN_STRICT_PROTOTYPES = YES;
				CLANG_WARN_SUSPICIOUS_MOVE = YES;
				CLANG_WARN_UNGUARDED_AVAILABILITY = YES_AGGRESSIVE;
				CLANG_WARN_UNREACHABLE_CODE = YES;
				CLANG_WARN__DUPLICATE_METHOD_MATCH = YES;
				COPY_PHASE_STRIP = NO;
				DEBUG_INFORMATION_FORMAT = dwarf;
				ENABLE_STRICT_OBJC_MSGSEND = YES;
				ENABLE_TESTABILITY = YES;
				GCC_C_LANGUAGE_STANDARD = gnu11;
				GCC_DYNAMIC_NO_PIC = NO;
				GCC_NO_COMMON_BLOCKS = YES;
				GCC_OPTIMIZATION_LEVEL = 0;
				GCC_PREPROCESSOR_DEFINITIONS = (
					"DEBUG=1",
					"$(inherited)",
				);
				GCC_WARN_64_TO_32_BIT_CONVERSION = YES;
				GCC_WARN_ABOUT_RETURN_TYPE = YES_ERROR;
				GCC_WARN_UNDECLARED_SELECTOR = YES;
				GCC_WARN_UNINITIALIZED_AUTOS = YES_AGGRESSIVE;
				GCC_WARN_UNUSED_FUNCTION = YES;
				GCC_WARN_UNUSED_VARIABLE = YES;
				IPHONEOS_DEPLOYMENT_TARGET = 13.2;
				MTL_ENABLE_DEBUG_INFO = INCLUDE_SOURCE;
				MTL_FAST_MATH = YES;
				ONLY_ACTIVE_ARCH = YES;
				SDKROOT = iphoneos;
				SWIFT_ACTIVE_COMPILATION_CONDITIONS = DEBUG;
				SWIFT_OPTIMIZATION_LEVEL = "-Onone";
			};
			name = Debug;
		};
		31296F4A23F4337100A2DD9F /* Release */ = {
			isa = XCBuildConfiguration;
			buildSettings = {
				ALWAYS_SEARCH_USER_PATHS = NO;
				CLANG_ANALYZER_NONNULL = YES;
				CLANG_ANALYZER_NUMBER_OBJECT_CONVERSION = YES_AGGRESSIVE;
				CLANG_CXX_LANGUAGE_STANDARD = "gnu++14";
				CLANG_CXX_LIBRARY = "libc++";
				CLANG_ENABLE_MODULES = YES;
				CLANG_ENABLE_OBJC_ARC = YES;
				CLANG_ENABLE_OBJC_WEAK = YES;
				CLANG_WARN_BLOCK_CAPTURE_AUTORELEASING = YES;
				CLANG_WARN_BOOL_CONVERSION = YES;
				CLANG_WARN_COMMA = YES;
				CLANG_WARN_CONSTANT_CONVERSION = YES;
				CLANG_WARN_DEPRECATED_OBJC_IMPLEMENTATIONS = YES;
				CLANG_WARN_DIRECT_OBJC_ISA_USAGE = YES_ERROR;
				CLANG_WARN_DOCUMENTATION_COMMENTS = YES;
				CLANG_WARN_EMPTY_BODY = YES;
				CLANG_WARN_ENUM_CONVERSION = YES;
				CLANG_WARN_INFINITE_RECURSION = YES;
				CLANG_WARN_INT_CONVERSION = YES;
				CLANG_WARN_NON_LITERAL_NULL_CONVERSION = YES;
				CLANG_WARN_OBJC_IMPLICIT_RETAIN_SELF = YES;
				CLANG_WARN_OBJC_LITERAL_CONVERSION = YES;
				CLANG_WARN_OBJC_ROOT_CLASS = YES_ERROR;
				CLANG_WARN_RANGE_LOOP_ANALYSIS = YES;
				CLANG_WARN_STRICT_PROTOTYPES = YES;
				CLANG_WARN_SUSPICIOUS_MOVE = YES;
				CLANG_WARN_UNGUARDED_AVAILABILITY = YES_AGGRESSIVE;
				CLANG_WARN_UNREACHABLE_CODE = YES;
				CLANG_WARN__DUPLICATE_METHOD_MATCH = YES;
				COPY_PHASE_STRIP = NO;
				DEBUG_INFORMATION_FORMAT = "dwarf-with-dsym";
				ENABLE_NS_ASSERTIONS = NO;
				ENABLE_STRICT_OBJC_MSGSEND = YES;
				GCC_C_LANGUAGE_STANDARD = gnu11;
				GCC_NO_COMMON_BLOCKS = YES;
				GCC_WARN_64_TO_32_BIT_CONVERSION = YES;
				GCC_WARN_ABOUT_RETURN_TYPE = YES_ERROR;
				GCC_WARN_UNDECLARED_SELECTOR = YES;
				GCC_WARN_UNINITIALIZED_AUTOS = YES_AGGRESSIVE;
				GCC_WARN_UNUSED_FUNCTION = YES;
				GCC_WARN_UNUSED_VARIABLE = YES;
				IPHONEOS_DEPLOYMENT_TARGET = 13.2;
				MTL_ENABLE_DEBUG_INFO = NO;
				MTL_FAST_MATH = YES;
				SDKROOT = iphoneos;
				SWIFT_COMPILATION_MODE = wholemodule;
				SWIFT_OPTIMIZATION_LEVEL = "-O";
				VALIDATE_PRODUCT = YES;
			};
			name = Release;
		};
		31296F4C23F4337100A2DD9F /* Debug */ = {
			isa = XCBuildConfiguration;
			baseConfigurationReference = 0D70A2B7FD6247550E894811 /* Pods-BlackStarWear.debug.xcconfig */;
			buildSettings = {
				ASSETCATALOG_COMPILER_APPICON_NAME = AppIcon;
				CODE_SIGN_STYLE = Automatic;
				DEVELOPMENT_TEAM = U6V2AU849T;
				INFOPLIST_FILE = BlackStarWear/Info.plist;
				LD_RUNPATH_SEARCH_PATHS = (
					"$(inherited)",
					"@executable_path/Frameworks",
				);
				PRODUCT_BUNDLE_IDENTIFIER = vladklimov.BlackStarWear;
				PRODUCT_NAME = "$(TARGET_NAME)";
				SWIFT_VERSION = 5.0;
				TARGETED_DEVICE_FAMILY = "1,2";
			};
			name = Debug;
		};
		31296F4D23F4337100A2DD9F /* Release */ = {
			isa = XCBuildConfiguration;
			baseConfigurationReference = 647796C4D1AEF73D4A45A6A3 /* Pods-BlackStarWear.release.xcconfig */;
			buildSettings = {
				ASSETCATALOG_COMPILER_APPICON_NAME = AppIcon;
				CODE_SIGN_STYLE = Automatic;
				DEVELOPMENT_TEAM = U6V2AU849T;
				INFOPLIST_FILE = BlackStarWear/Info.plist;
				LD_RUNPATH_SEARCH_PATHS = (
					"$(inherited)",
					"@executable_path/Frameworks",
				);
				PRODUCT_BUNDLE_IDENTIFIER = vladklimov.BlackStarWear;
				PRODUCT_NAME = "$(TARGET_NAME)";
				SWIFT_VERSION = 5.0;
				TARGETED_DEVICE_FAMILY = "1,2";
			};
			name = Release;
		};
/* End XCBuildConfiguration section */

/* Begin XCConfigurationList section */
		31296F3223F4336F00A2DD9F /* Build configuration list for PBXProject "BlackStarWear" */ = {
			isa = XCConfigurationList;
			buildConfigurations = (
				31296F4923F4337100A2DD9F /* Debug */,
				31296F4A23F4337100A2DD9F /* Release */,
			);
			defaultConfigurationIsVisible = 0;
			defaultConfigurationName = Release;
		};
		31296F4B23F4337100A2DD9F /* Build configuration list for PBXNativeTarget "BlackStarWear" */ = {
			isa = XCConfigurationList;
			buildConfigurations = (
				31296F4C23F4337100A2DD9F /* Debug */,
				31296F4D23F4337100A2DD9F /* Release */,
			);
			defaultConfigurationIsVisible = 0;
			defaultConfigurationName = Release;
		};
/* End XCConfigurationList section */
	};
	rootObject = 31296F2F23F4336F00A2DD9F /* Project object */;
}
